
Microsoft Visual Studio Solution File, Format Version 12.00
# Visual Studio Version 17
VisualStudioVersion = 17.11.35222.181
MinimumVisualStudioVersion = 10.0.40219.1
Project("{FAE04EC0-301F-11D3-BF4B-00C04F79EFBC}") = "tic-tac-toe", "tic-tac-toe\tic-tac-toe.csproj", "{4B079876-8C01-4F8D-85BA-80C03763F69A}"
EndProject
Global
	GlobalSection(SolutionConfigurationPlatforms) = preSolution
		Debug|Any CPU = Debug|Any CPU
		Release|Any CPU = Release|Any CPU
	EndGlobalSection
	GlobalSection(ProjectConfigurationPlatforms) = postSolution
		{4B079876-8C01-4F8D-85BA-80C03763F69A}.Debug|Any CPU.ActiveCfg = Debug|Any CPU
		{4B079876-8C01-4F8D-85BA-80C03763F69A}.Debug|Any CPU.Build.0 = Debug|Any CPU
		{4B079876-8C01-4F8D-85BA-80C03763F69A}.Release|Any CPU.ActiveCfg = Release|Any CPU
		{4B079876-8C01-4F8D-85BA-80C03763F69A}.Release|Any CPU.Build.0 = Release|Any CPU
	EndGlobalSection
	GlobalSection(SolutionProperties) = preSolution
		HideSolutionNode = FALSE
	EndGlobalSection
	GlobalSection(ExtensibilityGlobals) = postSolution
		SolutionGuid = {15BC5177-8B54-4360-BFA9-A35270C84C6F}
	EndGlobalSection
EndGlobal
